
Microsoft Visual Studio Solution File, Format Version 12.00
# Visual Studio 15
VisualStudioVersion = 15.0.27428.2015
MinimumVisualStudioVersion = 10.0.40219.1
Project("{FAE04EC0-301F-11D3-BF4B-00C04F79EFBC}") = "Dominio", "Dominio\Dominio.csproj", "{EF1F3E96-72C1-495B-A8B7-DEE87C679CAD}"
EndProject
Project("{FAE04EC0-301F-11D3-BF4B-00C04F79EFBC}") = "Negocio", "Negocio\Negocio.csproj", "{8629D22E-912E-4511-BD9D-5BD582C9D446}"
EndProject
Project("{FAE04EC0-301F-11D3-BF4B-00C04F79EFBC}") = "Presentacion", "Presentacion\Presentacion.csproj", "{0D210840-4663-4422-8092-815F82646D86}"
EndProject
Global
	GlobalSection(SolutionConfigurationPlatforms) = preSolution
		Debug|Any CPU = Debug|Any CPU
		Release|Any CPU = Release|Any CPU
	EndGlobalSection
	GlobalSection(ProjectConfigurationPlatforms) = postSolution
		{EF1F3E96-72C1-495B-A8B7-DEE87C679CAD}.Debug|Any CPU.ActiveCfg = Debug|Any CPU
		{EF1F3E96-72C1-495B-A8B7-DEE87C679CAD}.Debug|Any CPU.Build.0 = Debug|Any CPU
		{EF1F3E96-72C1-495B-A8B7-DEE87C679CAD}.Release|Any CPU.ActiveCfg = Release|Any CPU
		{EF1F3E96-72C1-495B-A8B7-DEE87C679CAD}.Release|Any CPU.Build.0 = Release|Any CPU
		{8629D22E-912E-4511-BD9D-5BD582C9D446}.Debug|Any CPU.ActiveCfg = Debug|Any CPU
		{8629D22E-912E-4511-BD9D-5BD582C9D446}.Debug|Any CPU.Build.0 = Debug|Any CPU
		{8629D22E-912E-4511-BD9D-5BD582C9D446}.Release|Any CPU.ActiveCfg = Release|Any CPU
		{8629D22E-912E-4511-BD9D-5BD582C9D446}.Release|Any CPU.Build.0 = Release|Any CPU
		{0D210840-4663-4422-8092-815F82646D86}.Debug|Any CPU.ActiveCfg = Debug|Any CPU
		{0D210840-4663-4422-8092-815F82646D86}.Debug|Any CPU.Build.0 = Debug|Any CPU
		{0D210840-4663-4422-8092-815F82646D86}.Release|Any CPU.ActiveCfg = Release|Any CPU
		{0D210840-4663-4422-8092-815F82646D86}.Release|Any CPU.Build.0 = Release|Any CPU
	EndGlobalSection
	GlobalSection(SolutionProperties) = preSolution
		HideSolutionNode = FALSE
	EndGlobalSection
	GlobalSection(ExtensibilityGlobals) = postSolution
		SolutionGuid = {F2516697-6B17-42A9-B1B4-A8757DA68353}
	EndGlobalSection
EndGlobal
